
Microsoft Visual Studio Solution File, Format Version 11.00
# Visual Studio 2010
Project("{E24C65DC-7377-472B-9ABA-BC803B73C61A}") = "MaiChungFurniture_Source", "MaiChungFurniture_Source\", "{2F1906ED-0386-48D5-9ADE-B4CFCA905E18}"
	ProjectSection(WebsiteProperties) = preProject
		TargetFrameworkMoniker = ".NETFramework,Version%3Dv3.5"
		Debug.AspNetCompiler.VirtualPath = "/MaiChungFurniture_Source"
		Debug.AspNetCompiler.PhysicalPath = "MaiChungFurniture_Source\"
		Debug.AspNetCompiler.TargetPath = "PrecompiledWeb\MaiChungFurniture_Source\"
		Debug.AspNetCompiler.Updateable = "true"
		Debug.AspNetCompiler.ForceOverwrite = "true"
		Debug.AspNetCompiler.FixedNames = "false"
		Debug.AspNetCompiler.Debug = "True"
		Release.AspNetCompiler.VirtualPath = "/MaiChungFurniture_Source"
		Release.AspNetCompiler.PhysicalPath = "MaiChungFurniture_Source\"
		Release.AspNetCompiler.TargetPath = "PrecompiledWeb\MaiChungFurniture_Source\"
		Release.AspNetCompiler.Updateable = "true"
		Release.AspNetCompiler.ForceOverwrite = "true"
		Release.AspNetCompiler.FixedNames = "false"
		Release.AspNetCompiler.Debug = "False"
		VWDPort = "36163"
	EndProjectSection
EndProject
Global
	GlobalSection(SolutionConfigurationPlatforms) = preSolution
		Debug|Any CPU = Debug|Any CPU
	EndGlobalSection
	GlobalSection(ProjectConfigurationPlatforms) = postSolution
		{2F1906ED-0386-48D5-9ADE-B4CFCA905E18}.Debug|Any CPU.ActiveCfg = Debug|Any CPU
		{2F1906ED-0386-48D5-9ADE-B4CFCA905E18}.Debug|Any CPU.Build.0 = Debug|Any CPU
	EndGlobalSection
	GlobalSection(SolutionProperties) = preSolution
		HideSolutionNode = FALSE
	EndGlobalSection
EndGlobal
